
Microsoft Visual Studio Solution File, Format Version 12.00
# Visual Studio Version 16
VisualStudioVersion = 16.0.30503.244
MinimumVisualStudioVersion = 10.0.40219.1
Project("{FAE04EC0-301F-11D3-BF4B-00C04F79EFBC}") = "WebApi", "WebApi.csproj", "{6A48E24E-C941-4CC6-A34B-F44CD9D8FBD0}"
EndProject
Project("{FAE04EC0-301F-11D3-BF4B-00C04F79EFBC}") = "Comlib", "..\Comlib\Comlib.csproj", "{151D4D59-FE5D-4A90-8C44-CC130C872F10}"
EndProject
Global
	GlobalSection(SolutionConfigurationPlatforms) = preSolution
		Debug|Any CPU = Debug|Any CPU
		Release|Any CPU = Release|Any CPU
	EndGlobalSection
	GlobalSection(ProjectConfigurationPlatforms) = postSolution
		{6A48E24E-C941-4CC6-A34B-F44CD9D8FBD0}.Debug|Any CPU.ActiveCfg = Debug|Any CPU
		{6A48E24E-C941-4CC6-A34B-F44CD9D8FBD0}.Debug|Any CPU.Build.0 = Debug|Any CPU
		{6A48E24E-C941-4CC6-A34B-F44CD9D8FBD0}.Release|Any CPU.ActiveCfg = Release|Any CPU
		{6A48E24E-C941-4CC6-A34B-F44CD9D8FBD0}.Release|Any CPU.Build.0 = Release|Any CPU
		{151D4D59-FE5D-4A90-8C44-CC130C872F10}.Debug|Any CPU.ActiveCfg = Debug|Any CPU
		{151D4D59-FE5D-4A90-8C44-CC130C872F10}.Debug|Any CPU.Build.0 = Debug|Any CPU
		{151D4D59-FE5D-4A90-8C44-CC130C872F10}.Release|Any CPU.ActiveCfg = Release|Any CPU
		{151D4D59-FE5D-4A90-8C44-CC130C872F10}.Release|Any CPU.Build.0 = Release|Any CPU
	EndGlobalSection
	GlobalSection(SolutionProperties) = preSolution
		HideSolutionNode = FALSE
	EndGlobalSection
	GlobalSection(ExtensibilityGlobals) = postSolution
		SolutionGuid = {B1A6FA28-EFAB-4DFF-8629-776AB4F18639}
	EndGlobalSection
EndGlobal
